{
  "nodes": {
    "nixpkgs": {
      "locked": {
        "lastModified": 1771848320,
        "narHash": "sha256-0MAd+0mun3K/Ns8JATeHT1sX28faLII5hVLq0L3BdZU=",
        "owner": "NixOS",
        "repo": "nixpkgs",
        "rev": "2fc6539b481e1d2569f25f8799236694180c0993",
        "type": "github"
      },
      "original": {
        "owner": "NixOS",
        "ref": "nixos-unstable",
        "repo": "nixpkgs",
        "type": "github"
      }
    },
    "root": {
      "inputs": {
        "nixpkgs": "nixpkgs"
      }
    }
  },
  "root": "root",
  "version": 7
}
